
Microsoft Visual Studio Solution File, Format Version 12.00
# Visual Studio 15
VisualStudioVersion = 15.0.27130.2024
MinimumVisualStudioVersion = 10.0.40219.1
Project("{FAE04EC0-301F-11D3-BF4B-00C04F79EFBC}") = "AdminDashboard", "AdminDashboard\AdminDashboard.csproj", "{7F9E671F-4688-4F30-B1C1-1A73FD7E97E8}"
EndProject
Global
	GlobalSection(SolutionConfigurationPlatforms) = preSolution
		Debug|Any CPU = Debug|Any CPU
		Release|Any CPU = Release|Any CPU
	EndGlobalSection
	GlobalSection(ProjectConfigurationPlatforms) = postSolution
		{7F9E671F-4688-4F30-B1C1-1A73FD7E97E8}.Debug|Any CPU.ActiveCfg = Debug|Any CPU
		{7F9E671F-4688-4F30-B1C1-1A73FD7E97E8}.Debug|Any CPU.Build.0 = Debug|Any CPU
		{7F9E671F-4688-4F30-B1C1-1A73FD7E97E8}.Release|Any CPU.ActiveCfg = Release|Any CPU
		{7F9E671F-4688-4F30-B1C1-1A73FD7E97E8}.Release|Any CPU.Build.0 = Release|Any CPU
	EndGlobalSection
	GlobalSection(SolutionProperties) = preSolution
		HideSolutionNode = FALSE
	EndGlobalSection
	GlobalSection(ExtensibilityGlobals) = postSolution
		SolutionGuid = {C9DAD699-CE02-4706-A4AB-C04B917042DE}
	EndGlobalSection
EndGlobal
